// !$*UTF8*$!
{
	archiveVersion = 1;
	classes = {
	};
	objectVersion = 56;
	objects = {

/* Begin PBXBuildFile section */
		F2F203672A8499790034FF4F /* MusieApp.swift in Sources */ = {isa = PBXBuildFile; fileRef = F2F203662A8499790034FF4F /* MusieApp.swift */; };
		F2F203692A8499790034FF4F /* ContentView.swift in Sources */ = {isa = PBXBuildFile; fileRef = F2F203682A8499790034FF4F /* ContentView.swift */; };
		F2F2036B2A84997A0034FF4F /* Assets.xcassets in Resources */ = {isa = PBXBuildFile; fileRef = F2F2036A2A84997A0034FF4F /* Assets.xcassets */; };
		F2F2036E2A84997A0034FF4F /* Preview Assets.xcassets in Resources */ = {isa = PBXBuildFile; fileRef = F2F2036D2A84997A0034FF4F /* Preview Assets.xcassets */; };
		F2F203782A84997A0034FF4F /* MusieTests.swift in Sources */ = {isa = PBXBuildFile; fileRef = F2F203772A84997A0034FF4F /* MusieTests.swift */; };
		F2F203822A84997A0034FF4F /* MusieUITests.swift in Sources */ = {isa = PBXBuildFile; fileRef = F2F203812A84997A0034FF4F /* MusieUITests.swift */; };
		F2F203842A84997A0034FF4F /* MusieUITestsLaunchTests.swift in Sources */ = {isa = PBXBuildFile; fileRef = F2F203832A84997A0034FF4F /* MusieUITestsLaunchTests.swift */; };
/* End PBXBuildFile section */

/* Begin PBXContainerItemProxy section */
		F2F203742A84997A0034FF4F /* PBXContainerItemProxy */ = {
			isa = PBXContainerItemProxy;
			containerPortal = F2F2035B2A8499790034FF4F /* Project object */;
			proxyType = 1;
			remoteGlobalIDString = F2F203622A8499790034FF4F;
			remoteInfo = Musie;
		};
		F2F2037E2A84997A0034FF4F /* PBXContainerItemProxy */ = {
			isa = PBXContainerItemProxy;
			containerPortal = F2F2035B2A8499790034FF4F /* Project object */;
			proxyType = 1;
			remoteGlobalIDString = F2F203622A8499790034FF4F;
			remoteInfo = Musie;
		};
/* End PBXContainerItemProxy section */

/* Begin PBXFileReference section */
		F2F203632A8499790034FF4F /* Musie.app */ = {isa = PBXFileReference; explicitFileType = wrapper.application; includeInIndex = 0; path = Musie.app; sourceTree = BUILT_PRODUCTS_DIR; };
		F2F203662A8499790034FF4F /* MusieApp.swift */ = {isa = PBXFileReference; lastKnownFileType = sourcecode.swift; path = MusieApp.swift; sourceTree = "<group>"; };
		F2F203682A8499790034FF4F /* ContentView.swift */ = {isa = PBXFileReference; lastKnownFileType = sourcecode.swift; path = ContentView.swift; sourceTree = "<group>"; };
		F2F2036A2A84997A0034FF4F /* Assets.xcassets */ = {isa = PBXFileReference; lastKnownFileType = folder.assetcatalog; path = Assets.xcassets; sourceTree = "<group>"; };
		F2F2036D2A84997A0034FF4F /* Preview Assets.xcassets */ = {isa = PBXFileReference; lastKnownFileType = folder.assetcatalog; path = "Preview Assets.xcassets"; sourceTree = "<group>"; };
		F2F203732A84997A0034FF4F /* MusieTests.xctest */ = {isa = PBXFileReference; explicitFileType = wrapper.cfbundle; includeInIndex = 0; path = MusieTests.xctest; sourceTree = BUILT_PRODUCTS_DIR; };
		F2F203772A84997A0034FF4F /* MusieTests.swift */ = {isa = PBXFileReference; lastKnownFileType = sourcecode.swift; path = MusieTests.swift; sourceTree = "<group>"; };
		F2F2037D2A84997A0034FF4F /* MusieUITests.xctest */ = {isa = PBXFileReference; explicitFileType = wrapper.cfbundle; includeInIndex = 0; path = MusieUITests.xctest; sourceTree = BUILT_PRODUCTS_DIR; };
		F2F203812A84997A0034FF4F /* MusieUITests.swift */ = {isa = PBXFileReference; lastKnownFileType = sourcecode.swift; path = MusieUITests.swift; sourceTree = "<group>"; };
		F2F203832A84997A0034FF4F /* MusieUITestsLaunchTests.swift */ = {isa = PBXFileReference; lastKnownFileType = sourcecode.swift; path = MusieUITestsLaunchTests.swift; sourceTree = "<group>"; };
/* End PBXFileReference section */

/* Begin PBXFrameworksBuildPhase section */
		F2F203602A8499790034FF4F /* Frameworks */ = {
			isa = PBXFrameworksBuildPhase;
			buildActionMask = 2147483647;
			files = (
			);
			runOnlyForDeploymentPostprocessing = 0;
		};
		F2F203702A84997A0034FF4F /* Frameworks */ = {
			isa = PBXFrameworksBuildPhase;
			buildActionMask = 2147483647;
			files = (
			);
			runOnlyForDeploymentPostprocessing = 0;
		};
		F2F2037A2A84997A0034FF4F /* Frameworks */ = {
			isa = PBXFrameworksBuildPhase;
			buildActionMask = 2147483647;
			files = (
			);
			runOnlyForDeploymentPostprocessing = 0;
		};
/* End PBXFrameworksBuildPhase section */

/* Begin PBXGroup section */
		F2F2035A2A8499790034FF4F = {
			isa = PBXGroup;
			children = (
				F2F203652A8499790034FF4F /* Musie */,
				F2F203762A84997A0034FF4F /* MusieTests */,
				F2F203802A84997A0034FF4F /* MusieUITests */,
				F2F203642A8499790034FF4F /* Products */,
			);
			sourceTree = "<group>";
		};
		F2F203642A8499790034FF4F /* Products */ = {
			isa = PBXGroup;
			children = (
				F2F203632A8499790034FF4F /* Musie.app */,
				F2F203732A84997A0034FF4F /* MusieTests.xctest */,
				F2F2037D2A84997A0034FF4F /* MusieUITests.xctest */,
			);
			name = Products;
			sourceTree = "<group>";
		};
		F2F203652A8499790034FF4F /* Musie */ = {
			isa = PBXGroup;
			children = (
				F2F203662A8499790034FF4F /* MusieApp.swift */,
				F2F203682A8499790034FF4F /* ContentView.swift */,
				F2F2036A2A84997A0034FF4F /* Assets.xcassets */,
				F2F2036C2A84997A0034FF4F /* Preview Content */,
			);
			path = Musie;
			sourceTree = "<group>";
		};
		F2F2036C2A84997A0034FF4F /* Preview Content */ = {
			isa = PBXGroup;
			children = (
				F2F2036D2A84997A0034FF4F /* Preview Assets.xcassets */,
			);
			path = "Preview Content";
			sourceTree = "<group>";
		};
		F2F203762A84997A0034FF4F /* MusieTests */ = {
			isa = PBXGroup;
			children = (
				F2F203772A84997A0034FF4F /* MusieTests.swift */,
			);
			path = MusieTests;
			sourceTree = "<group>";
		};
		F2F203802A84997A0034FF4F /* MusieUITests */ = {
			isa = PBXGroup;
			children = (
				F2F203812A84997A0034FF4F /* MusieUITests.swift */,
				F2F203832A84997A0034FF4F /* MusieUITestsLaunchTests.swift */,
			);
			path = MusieUITests;
			sourceTree = "<group>";
		};
/* End PBXGroup section */

/* Begin PBXNativeTarget section */
		F2F203622A8499790034FF4F /* Musie */ = {
			isa = PBXNativeTarget;
			buildConfigurationList = F2F203872A84997A0034FF4F /* Build configuration list for PBXNativeTarget "Musie" */;
			buildPhases = (
				F2F2035F2A8499790034FF4F /* Sources */,
				F2F203602A8499790034FF4F /* Frameworks */,
				F2F203612A8499790034FF4F /* Resources */,
			);
			buildRules = (
			);
			dependencies = (
			);
			name = Musie;
			productName = Musie;
			productReference = F2F203632A8499790034FF4F /* Musie.app */;
			productType = "com.apple.product-type.application";
		};
		F2F203722A84997A0034FF4F /* MusieTests */ = {
			isa = PBXNativeTarget;
			buildConfigurationList = F2F2038A2A84997A0034FF4F /* Build configuration list for PBXNativeTarget "MusieTests" */;
			buildPhases = (
				F2F2036F2A84997A0034FF4F /* Sources */,
				F2F203702A84997A0034FF4F /* Frameworks */,
				F2F203712A84997A0034FF4F /* Resources */,
			);
			buildRules = (
			);
			dependencies = (
				F2F203752A84997A0034FF4F /* PBXTargetDependency */,
			);
			name = MusieTests;
			productName = MusieTests;
			productReference = F2F203732A84997A0034FF4F /* MusieTests.xctest */;
			productType = "com.apple.product-type.bundle.unit-test";
		};
		F2F2037C2A84997A0034FF4F /* MusieUITests */ = {
			isa = PBXNativeTarget;
			buildConfigurationList = F2F2038D2A84997A0034FF4F /* Build configuration list for PBXNativeTarget "MusieUITests" */;
			buildPhases = (
				F2F203792A84997A0034FF4F /* Sources */,
				F2F2037A2A84997A0034FF4F /* Frameworks */,
				F2F2037B2A84997A0034FF4F /* Resources */,
			);
			buildRules = (
			);
			dependencies = (
				F2F2037F2A84997A0034FF4F /* PBXTargetDependency */,
			);
			name = MusieUITests;
			productName = MusieUITests;
			productReference = F2F2037D2A84997A0034FF4F /* MusieUITests.xctest */;
			productType = "com.apple.product-type.bundle.ui-testing";
		};
/* End PBXNativeTarget section */

/* Begin PBXProject section */
		F2F2035B2A8499790034FF4F /* Project object */ = {
			isa = PBXProject;
			attributes = {
				BuildIndependentTargetsInParallel = 1;
				LastSwiftUpdateCheck = 1500;
				LastUpgradeCheck = 1500;
				TargetAttributes = {
					F2F203622A8499790034FF4F = {
						CreatedOnToolsVersion = 15.0;
					};
					F2F203722A84997A0034FF4F = {
						CreatedOnToolsVersion = 15.0;
						TestTargetID = F2F203622A8499790034FF4F;
					};
					F2F2037C2A84997A0034FF4F = {
						CreatedOnToolsVersion = 15.0;
						TestTargetID = F2F203622A8499790034FF4F;
					};
				};
			};
			buildConfigurationList = F2F2035E2A8499790034FF4F /* Build configuration list for PBXProject "Musie" */;
			compatibilityVersion = "Xcode 14.0";
			developmentRegion = en;
			hasScannedForEncodings = 0;
			knownRegions = (
				en,
				Base,
			);
			mainGroup = F2F2035A2A8499790034FF4F;
			productRefGroup = F2F203642A8499790034FF4F /* Products */;
			projectDirPath = "";
			projectRoot = "";
			targets = (
				F2F203622A8499790034FF4F /* Musie */,
				F2F203722A84997A0034FF4F /* MusieTests */,
				F2F2037C2A84997A0034FF4F /* MusieUITests */,
			);
		};
/* End PBXProject section */

/* Begin PBXResourcesBuildPhase section */
		F2F203612A8499790034FF4F /* Resources */ = {
			isa = PBXResourcesBuildPhase;
			buildActionMask = 2147483647;
			files = (
				F2F2036E2A84997A0034FF4F /* Preview Assets.xcassets in Resources */,
				F2F2036B2A84997A0034FF4F /* Assets.xcassets in Resources */,
			);
			runOnlyForDeploymentPostprocessing = 0;
		};
		F2F203712A84997A0034FF4F /* Resources */ = {
			isa = PBXResourcesBuildPhase;
			buildActionMask = 2147483647;
			files = (
			);
			runOnlyForDeploymentPostprocessing = 0;
		};
		F2F2037B2A84997A0034FF4F /* Resources */ = {
			isa = PBXResourcesBuildPhase;
			buildActionMask = 2147483647;
			files = (
			);
			runOnlyForDeploymentPostprocessing = 0;
		};
/* End PBXResourcesBuildPhase section */

/* Begin PBXSourcesBuildPhase section */
		F2F2035F2A8499790034FF4F /* Sources */ = {
			isa = PBXSourcesBuildPhase;
			buildActionMask = 2147483647;
			files = (
				F2F203692A8499790034FF4F /* ContentView.swift in Sources */,
				F2F203672A8499790034FF4F /* MusieApp.swift in Sources */,
			);
			runOnlyForDeploymentPostprocessing = 0;
		};
		F2F2036F2A84997A0034FF4F /* Sources */ = {
			isa = PBXSourcesBuildPhase;
			buildActionMask = 2147483647;
			files = (
				F2F203782A84997A0034FF4F /* MusieTests.swift in Sources */,
			);
			runOnlyForDeploymentPostprocessing = 0;
		};
		F2F203792A84997A0034FF4F /* Sources */ = {
			isa = PBXSourcesBuildPhase;
			buildActionMask = 2147483647;
			files = (
				F2F203842A84997A0034FF4F /* MusieUITestsLaunchTests.swift in Sources */,
				F2F203822A84997A0034FF4F /* MusieUITests.swift in Sources */,
			);
			runOnlyForDeploymentPostprocessing = 0;
		};
/* End PBXSourcesBuildPhase section */

/* Begin PBXTargetDependency section */
		F2F203752A84997A0034FF4F /* PBXTargetDependency */ = {
			isa = PBXTargetDependency;
			target = F2F203622A8499790034FF4F /* Musie */;
			targetProxy = F2F203742A84997A0034FF4F /* PBXContainerItemProxy */;
		};
		F2F2037F2A84997A0034FF4F /* PBXTargetDependency */ = {
			isa = PBXTargetDependency;
			target = F2F203622A8499790034FF4F /* Musie */;
			targetProxy = F2F2037E2A84997A0034FF4F /* PBXContainerItemProxy */;
		};
/* End PBXTargetDependency section */

/* Begin XCBuildConfiguration section */
		F2F203852A84997A0034FF4F /* Debug */ = {
			isa = XCBuildConfiguration;
			buildSettings = {
				ALWAYS_SEARCH_USER_PATHS = NO;
				ASSETCATALOG_COMPILER_GENERATE_SWIFT_ASSET_SYMBOL_EXTENSIONS = YES;
				CLANG_ANALYZER_NONNULL = YES;
				CLANG_ANALYZER_NUMBER_OBJECT_CONVERSION = YES_AGGRESSIVE;
				CLANG_CXX_LANGUAGE_STANDARD = "gnu++20";
				CLANG_ENABLE_MODULES = YES;
				CLANG_ENABLE_OBJC_ARC = YES;
				CLANG_ENABLE_OBJC_WEAK = YES;
				CLANG_WARN_BLOCK_CAPTURE_AUTORELEASING = YES;
				CLANG_WARN_BOOL_CONVERSION = YES;
				CLANG_WARN_COMMA = YES;
				CLANG_WARN_CONSTANT_CONVERSION = YES;
				CLANG_WARN_DEPRECATED_OBJC_IMPLEMENTATIONS = YES;
				CLANG_WARN_DIRECT_OBJC_ISA_USAGE = YES_ERROR;
				CLANG_WARN_DOCUMENTATION_COMMENTS = YES;
				CLANG_WARN_EMPTY_BODY = YES;
				CLANG_WARN_ENUM_CONVERSION = YES;
				CLANG_WARN_INFINITE_RECURSION = YES;
				CLANG_WARN_INT_CONVERSION = YES;
				CLANG_WARN_NON_LITERAL_NULL_CONVERSION = YES;
				CLANG_WARN_OBJC_IMPLICIT_RETAIN_SELF = YES;
				CLANG_WARN_OBJC_LITERAL_CONVERSION = YES;
				CLANG_WARN_OBJC_ROOT_CLASS = YES_ERROR;
				CLANG_WARN_QUOTED_INCLUDE_IN_FRAMEWORK_HEADER = YES;
				CLANG_WARN_RANGE_LOOP_ANALYSIS = YES;
				CLANG_WARN_STRICT_PROTOTYPES = YES;
				CLANG_WARN_SUSPICIOUS_MOVE = YES;
				CLANG_WARN_UNGUARDED_AVAILABILITY = YES_AGGRESSIVE;
				CLANG_WARN_UNREACHABLE_CODE = YES;
				CLANG_WARN__DUPLICATE_METHOD_MATCH = YES;
				COPY_PHASE_STRIP = NO;
				DEBUG_INFORMATION_FORMAT = dwarf;
				ENABLE_STRICT_OBJC_MSGSEND = YES;
				ENABLE_TESTABILITY = YES;
				ENABLE_USER_SCRIPT_SANDBOXING = YES;
				GCC_C_LANGUAGE_STANDARD = gnu17;
				GCC_DYNAMIC_NO_PIC = NO;
				GCC_NO_COMMON_BLOCKS = YES;
				GCC_OPTIMIZATION_LEVEL = 0;
				GCC_PREPROCESSOR_DEFINITIONS = (
					"DEBUG=1",
					"$(inherited)",
				);
				GCC_WARN_64_TO_32_BIT_CONVERSION = YES;
				GCC_WARN_ABOUT_RETURN_TYPE = YES_ERROR;
				GCC_WARN_UNDECLARED_SELECTOR = YES;
				GCC_WARN_UNINITIALIZED_AUTOS = YES_AGGRESSIVE;
				GCC_WARN_UNUSED_FUNCTION = YES;
				GCC_WARN_UNUSED_VARIABLE = YES;
				IPHONEOS_DEPLOYMENT_TARGET = 17.0;
				LOCALIZATION_PREFERS_STRING_CATALOGS = YES;
				MTL_ENABLE_DEBUG_INFO = INCLUDE_SOURCE;
				MTL_FAST_MATH = YES;
				ONLY_ACTIVE_ARCH = YES;
				SDKROOT = iphoneos;
				SWIFT_ACTIVE_COMPILATION_CONDITIONS = "DEBUG $(inherited)";
				SWIFT_OPTIMIZATION_LEVEL = "-Onone";
			};
			name = Debug;
		};
		F2F203862A84997A0034FF4F /* Release */ = {
			isa = XCBuildConfiguration;
			buildSettings = {
				ALWAYS_SEARCH_USER_PATHS = NO;
				ASSETCATALOG_COMPILER_GENERATE_SWIFT_ASSET_SYMBOL_EXTENSIONS = YES;
				CLANG_ANALYZER_NONNULL = YES;
				CLANG_ANALYZER_NUMBER_OBJECT_CONVERSION = YES_AGGRESSIVE;
				CLANG_CXX_LANGUAGE_STANDARD = "gnu++20";
				CLANG_ENABLE_MODULES = YES;
				CLANG_ENABLE_OBJC_ARC = YES;
				CLANG_ENABLE_OBJC_WEAK = YES;
				CLANG_WARN_BLOCK_CAPTURE_AUTORELEASING = YES;
				CLANG_WARN_BOOL_CONVERSION = YES;
				CLANG_WARN_COMMA = YES;
				CLANG_WARN_CONSTANT_CONVERSION = YES;
				CLANG_WARN_DEPRECATED_OBJC_IMPLEMENTATIONS = YES;
				CLANG_WARN_DIRECT_OBJC_ISA_USAGE = YES_ERROR;
				CLANG_WARN_DOCUMENTATION_COMMENTS = YES;
				CLANG_WARN_EMPTY_BODY = YES;
				CLANG_WARN_ENUM_CONVERSION = YES;
				CLANG_WARN_INFINITE_RECURSION = YES;
				CLANG_WARN_INT_CONVERSION = YES;
				CLANG_WARN_NON_LITERAL_NULL_CONVERSION = YES;
				CLANG_WARN_OBJC_IMPLICIT_RETAIN_SELF = YES;
				CLANG_WARN_OBJC_LITERAL_CONVERSION = YES;
				CLANG_WARN_OBJC_ROOT_CLASS = YES_ERROR;
				CLANG_WARN_QUOTED_INCLUDE_IN_FRAMEWORK_HEADER = YES;
				CLANG_WARN_RANGE_LOOP_ANALYSIS = YES;
				CLANG_WARN_STRICT_PROTOTYPES = YES;
				CLANG_WARN_SUSPICIOUS_MOVE = YES;
				CLANG_WARN_UNGUARDED_AVAILABILITY = YES_AGGRESSIVE;
				CLANG_WARN_UNREACHABLE_CODE = YES;
				CLANG_WARN__DUPLICATE_METHOD_MATCH = YES;
				COPY_PHASE_STRIP = NO;
				DEBUG_INFORMATION_FORMAT = "dwarf-with-dsym";
				ENABLE_NS_ASSERTIONS = NO;
				ENABLE_STRICT_OBJC_MSGSEND = YES;
				ENABLE_USER_SCRIPT_SANDBOXING = YES;
				GCC_C_LANGUAGE_STANDARD = gnu17;
				GCC_NO_COMMON_BLOCKS = YES;
				GCC_WARN_64_TO_32_BIT_CONVERSION = YES;
				GCC_WARN_ABOUT_RETURN_TYPE = YES_ERROR;
				GCC_WARN_UNDECLARED_SELECTOR = YES;
				GCC_WARN_UNINITIALIZED_AUTOS = YES_AGGRESSIVE;
				GCC_WARN_UNUSED_FUNCTION = YES;
				GCC_WARN_UNUSED_VARIABLE = YES;
				IPHONEOS_DEPLOYMENT_TARGET = 17.0;
				LOCALIZATION_PREFERS_STRING_CATALOGS = YES;
				MTL_ENABLE_DEBUG_INFO = NO;
				MTL_FAST_MATH = YES;
				SDKROOT = iphoneos;
				SWIFT_COMPILATION_MODE = wholemodule;
				VALIDATE_PRODUCT = YES;
			};
			name = Release;
		};
		F2F203882A84997A0034FF4F /* Debug */ = {
			isa = XCBuildConfiguration;
			buildSettings = {
				ASSETCATALOG_COMPILER_APPICON_NAME = AppIcon;
				ASSETCATALOG_COMPILER_GLOBAL_ACCENT_COLOR_NAME = AccentColor;
				CODE_SIGN_STYLE = Automatic;
				CURRENT_PROJECT_VERSION = 1;
				DEVELOPMENT_ASSET_PATHS = "\"Musie/Preview Content\"";
				DEVELOPMENT_TEAM = 25FTLXXJD3;
				ENABLE_PREVIEWS = YES;
				GENERATE_INFOPLIST_FILE = YES;
				INFOPLIST_KEY_UIApplicationSceneManifest_Generation = YES;
				INFOPLIST_KEY_UIApplicationSupportsIndirectInputEvents = YES;
				INFOPLIST_KEY_UILaunchScreen_Generation = YES;
				INFOPLIST_KEY_UISupportedInterfaceOrientations_iPad = "UIInterfaceOrientationPortrait UIInterfaceOrientationPortraitUpsideDown UIInterfaceOrientationLandscapeLeft UIInterfaceOrientationLandscapeRight";
				INFOPLIST_KEY_UISupportedInterfaceOrientations_iPhone = "UIInterfaceOrientationPortrait UIInterfaceOrientationLandscapeLeft UIInterfaceOrientationLandscapeRight";
				LD_RUNPATH_SEARCH_PATHS = (
					"$(inherited)",
					"@executable_path/Frameworks",
				);
				MARKETING_VERSION = 1.0;
				PRODUCT_BUNDLE_IDENTIFIER = Me.Musie;
				PRODUCT_NAME = "$(TARGET_NAME)";
				SWIFT_EMIT_LOC_STRINGS = YES;
				SWIFT_VERSION = 5.0;
				TARGETED_DEVICE_FAMILY = "1,2";
			};
			name = Debug;
		};
		F2F203892A84997A0034FF4F /* Release */ = {
			isa = XCBuildConfiguration;
			buildSettings = {
				ASSETCATALOG_COMPILER_APPICON_NAME = AppIcon;
				ASSETCATALOG_COMPILER_GLOBAL_ACCENT_COLOR_NAME = AccentColor;
				CODE_SIGN_STYLE = Automatic;
				CURRENT_PROJECT_VERSION = 1;
				DEVELOPMENT_ASSET_PATHS = "\"Musie/Preview Content\"";
				DEVELOPMENT_TEAM = 25FTLXXJD3;
				ENABLE_PREVIEWS = YES;
				GENERATE_INFOPLIST_FILE = YES;
				INFOPLIST_KEY_UIApplicationSceneManifest_Generation = YES;
				INFOPLIST_KEY_UIApplicationSupportsIndirectInputEvents = YES;
				INFOPLIST_KEY_UILaunchScreen_Generation = YES;
				INFOPLIST_KEY_UISupportedInterfaceOrientations_iPad = "UIInterfaceOrientationPortrait UIInterfaceOrientationPortraitUpsideDown UIInterfaceOrientationLandscapeLeft UIInterfaceOrientationLandscapeRight";
				INFOPLIST_KEY_UISupportedInterfaceOrientations_iPhone = "UIInterfaceOrientationPortrait UIInterfaceOrientationLandscapeLeft UIInterfaceOrientationLandscapeRight";
				LD_RUNPATH_SEARCH_PATHS = (
					"$(inherited)",
					"@executable_path/Frameworks",
				);
				MARKETING_VERSION = 1.0;
				PRODUCT_BUNDLE_IDENTIFIER = Me.Musie;
				PRODUCT_NAME = "$(TARGET_NAME)";
				SWIFT_EMIT_LOC_STRINGS = YES;
				SWIFT_VERSION = 5.0;
				TARGETED_DEVICE_FAMILY = "1,2";
			};
			name = Release;
		};
		F2F2038B2A84997A0034FF4F /* Debug */ = {
			isa = XCBuildConfiguration;
			buildSettings = {
				ALWAYS_EMBED_SWIFT_STANDARD_LIBRARIES = YES;
				BUNDLE_LOADER = "$(TEST_HOST)";
				CODE_SIGN_STYLE = Automatic;
				CURRENT_PROJECT_VERSION = 1;
				DEVELOPMENT_TEAM = 25FTLXXJD3;
				GENERATE_INFOPLIST_FILE = YES;
				IPHONEOS_DEPLOYMENT_TARGET = 17.0;
				MARKETING_VERSION = 1.0;
				PRODUCT_BUNDLE_IDENTIFIER = Me.MusieTests;
				PRODUCT_NAME = "$(TARGET_NAME)";
				SWIFT_EMIT_LOC_STRINGS = NO;
				SWIFT_VERSION = 5.0;
				TARGETED_DEVICE_FAMILY = "1,2";
				TEST_HOST = "$(BUILT_PRODUCTS_DIR)/Musie.app/$(BUNDLE_EXECUTABLE_FOLDER_PATH)/Musie";
			};
			name = Debug;
		};
		F2F2038C2A84997A0034FF4F /* Release */ = {
			isa = XCBuildConfiguration;
			buildSettings = {
				ALWAYS_EMBED_SWIFT_STANDARD_LIBRARIES = YES;
				BUNDLE_LOADER = "$(TEST_HOST)";
				CODE_SIGN_STYLE = Automatic;
				CURRENT_PROJECT_VERSION = 1;
				DEVELOPMENT_TEAM = 25FTLXXJD3;
				GENERATE_INFOPLIST_FILE = YES;
				IPHONEOS_DEPLOYMENT_TARGET = 17.0;
				MARKETING_VERSION = 1.0;
				PRODUCT_BUNDLE_IDENTIFIER = Me.MusieTests;
				PRODUCT_NAME = "$(TARGET_NAME)";
				SWIFT_EMIT_LOC_STRINGS = NO;
				SWIFT_VERSION = 5.0;
				TARGETED_DEVICE_FAMILY = "1,2";
				TEST_HOST = "$(BUILT_PRODUCTS_DIR)/Musie.app/$(BUNDLE_EXECUTABLE_FOLDER_PATH)/Musie";
			};
			name = Release;
		};
		F2F2038E2A84997A0034FF4F /* Debug */ = {
			isa = XCBuildConfiguration;
			buildSettings = {
				ALWAYS_EMBED_SWIFT_STANDARD_LIBRARIES = YES;
				CODE_SIGN_STYLE = Automatic;
				CURRENT_PROJECT_VERSION = 1;
				DEVELOPMENT_TEAM = 25FTLXXJD3;
				GENERATE_INFOPLIST_FILE = YES;
				MARKETING_VERSION = 1.0;
				PRODUCT_BUNDLE_IDENTIFIER = Me.MusieUITests;
				PRODUCT_NAME = "$(TARGET_NAME)";
				SWIFT_EMIT_LOC_STRINGS = NO;
				SWIFT_VERSION = 5.0;
				TARGETED_DEVICE_FAMILY = "1,2";
				TEST_TARGET_NAME = Musie;
			};
			name = Debug;
		};
		F2F2038F2A84997A0034FF4F /* Release */ = {
			isa = XCBuildConfiguration;
			buildSettings = {
				ALWAYS_EMBED_SWIFT_STANDARD_LIBRARIES = YES;
				CODE_SIGN_STYLE = Automatic;
				CURRENT_PROJECT_VERSION = 1;
				DEVELOPMENT_TEAM = 25FTLXXJD3;
				GENERATE_INFOPLIST_FILE = YES;
				MARKETING_VERSION = 1.0;
				PRODUCT_BUNDLE_IDENTIFIER = Me.MusieUITests;
				PRODUCT_NAME = "$(TARGET_NAME)";
				SWIFT_EMIT_LOC_STRINGS = NO;
				SWIFT_VERSION = 5.0;
				TARGETED_DEVICE_FAMILY = "1,2";
				TEST_TARGET_NAME = Musie;
			};
			name = Release;
		};
/* End XCBuildConfiguration section */

/* Begin XCConfigurationList section */
		F2F2035E2A8499790034FF4F /* Build configuration list for PBXProject "Musie" */ = {
			isa = XCConfigurationList;
			buildConfigurations = (
				F2F203852A84997A0034FF4F /* Debug */,
				F2F203862A84997A0034FF4F /* Release */,
			);
			defaultConfigurationIsVisible = 0;
			defaultConfigurationName = Release;
		};
		F2F203872A84997A0034FF4F /* Build configuration list for PBXNativeTarget "Musie" */ = {
			isa = XCConfigurationList;
			buildConfigurations = (
				F2F203882A84997A0034FF4F /* Debug */,
				F2F203892A84997A0034FF4F /* Release */,
			);
			defaultConfigurationIsVisible = 0;
			defaultConfigurationName = Release;
		};
		F2F2038A2A84997A0034FF4F /* Build configuration list for PBXNativeTarget "MusieTests" */ = {
			isa = XCConfigurationList;
			buildConfigurations = (
				F2F2038B2A84997A0034FF4F /* Debug */,
				F2F2038C2A84997A0034FF4F /* Release */,
			);
			defaultConfigurationIsVisible = 0;
			defaultConfigurationName = Release;
		};
		F2F2038D2A84997A0034FF4F /* Build configuration list for PBXNativeTarget "MusieUITests" */ = {
			isa = XCConfigurationList;
			buildConfigurations = (
				F2F2038E2A84997A0034FF4F /* Debug */,
				F2F2038F2A84997A0034FF4F /* Release */,
			);
			defaultConfigurationIsVisible = 0;
			defaultConfigurationName = Release;
		};
/* End XCConfigurationList section */
	};
	rootObject = F2F2035B2A8499790034FF4F /* Project object */;
}
